
Microsoft Visual Studio Solution File, Format Version 12.00
# Visual Studio 2012
Project("{FAE04EC0-301F-11D3-BF4B-00C04F79EFBC}") = "hnpro", "hnpro\hnpro.csproj", "{530B851D-DB2C-4140-A96E-58D9B9670168}"
EndProject
Project("{FAE04EC0-301F-11D3-BF4B-00C04F79EFBC}") = "DAL", "DAL\DAL.csproj", "{58466FF5-1E56-47E9-8B70-8B75C837D9F8}"
EndProject
Project("{FAE04EC0-301F-11D3-BF4B-00C04F79EFBC}") = "DBUtility", "DBUtility\DBUtility.csproj", "{E8CB0BB1-C0C6-4FBD-9152-6E1406161687}"
EndProject
Project("{FAE04EC0-301F-11D3-BF4B-00C04F79EFBC}") = "Model", "Model\Model.csproj", "{B84FAFFF-6DC7-4274-81C5-68E3D932C2C9}"
EndProject
Project("{FAE04EC0-301F-11D3-BF4B-00C04F79EFBC}") = "BLL", "BLL\BLL.csproj", "{CEC90D2B-4981-4F1E-A82D-3694B56176E2}"
EndProject
Project("{FAE04EC0-301F-11D3-BF4B-00C04F79EFBC}") = "Helper", "Helper\Helper.csproj", "{25663B23-E8F6-47F3-94D3-87F6C03E2140}"
EndProject
Global
	GlobalSection(SolutionConfigurationPlatforms) = preSolution
		Debug|Any CPU = Debug|Any CPU
		Release|Any CPU = Release|Any CPU
	EndGlobalSection
	GlobalSection(ProjectConfigurationPlatforms) = postSolution
		{530B851D-DB2C-4140-A96E-58D9B9670168}.Debug|Any CPU.ActiveCfg = Debug|Any CPU
		{530B851D-DB2C-4140-A96E-58D9B9670168}.Debug|Any CPU.Build.0 = Debug|Any CPU
		{530B851D-DB2C-4140-A96E-58D9B9670168}.Release|Any CPU.ActiveCfg = Release|Any CPU
		{530B851D-DB2C-4140-A96E-58D9B9670168}.Release|Any CPU.Build.0 = Release|Any CPU
		{58466FF5-1E56-47E9-8B70-8B75C837D9F8}.Debug|Any CPU.ActiveCfg = Debug|Any CPU
		{58466FF5-1E56-47E9-8B70-8B75C837D9F8}.Debug|Any CPU.Build.0 = Debug|Any CPU
		{58466FF5-1E56-47E9-8B70-8B75C837D9F8}.Release|Any CPU.ActiveCfg = Release|Any CPU
		{58466FF5-1E56-47E9-8B70-8B75C837D9F8}.Release|Any CPU.Build.0 = Release|Any CPU
		{E8CB0BB1-C0C6-4FBD-9152-6E1406161687}.Debug|Any CPU.ActiveCfg = Debug|Any CPU
		{E8CB0BB1-C0C6-4FBD-9152-6E1406161687}.Debug|Any CPU.Build.0 = Debug|Any CPU
		{E8CB0BB1-C0C6-4FBD-9152-6E1406161687}.Release|Any CPU.ActiveCfg = Release|Any CPU
		{E8CB0BB1-C0C6-4FBD-9152-6E1406161687}.Release|Any CPU.Build.0 = Release|Any CPU
		{B84FAFFF-6DC7-4274-81C5-68E3D932C2C9}.Debug|Any CPU.ActiveCfg = Debug|Any CPU
		{B84FAFFF-6DC7-4274-81C5-68E3D932C2C9}.Debug|Any CPU.Build.0 = Debug|Any CPU
		{B84FAFFF-6DC7-4274-81C5-68E3D932C2C9}.Release|Any CPU.ActiveCfg = Release|Any CPU
		{B84FAFFF-6DC7-4274-81C5-68E3D932C2C9}.Release|Any CPU.Build.0 = Release|Any CPU
		{CEC90D2B-4981-4F1E-A82D-3694B56176E2}.Debug|Any CPU.ActiveCfg = Debug|Any CPU
		{CEC90D2B-4981-4F1E-A82D-3694B56176E2}.Debug|Any CPU.Build.0 = Debug|Any CPU
		{CEC90D2B-4981-4F1E-A82D-3694B56176E2}.Release|Any CPU.ActiveCfg = Release|Any CPU
		{CEC90D2B-4981-4F1E-A82D-3694B56176E2}.Release|Any CPU.Build.0 = Release|Any CPU
		{25663B23-E8F6-47F3-94D3-87F6C03E2140}.Debug|Any CPU.ActiveCfg = Debug|Any CPU
		{25663B23-E8F6-47F3-94D3-87F6C03E2140}.Debug|Any CPU.Build.0 = Debug|Any CPU
		{25663B23-E8F6-47F3-94D3-87F6C03E2140}.Release|Any CPU.ActiveCfg = Release|Any CPU
		{25663B23-E8F6-47F3-94D3-87F6C03E2140}.Release|Any CPU.Build.0 = Release|Any CPU
	EndGlobalSection
	GlobalSection(SolutionProperties) = preSolution
		HideSolutionNode = FALSE
	EndGlobalSection
EndGlobal
